github.com/google/uuid v1.6.0 h1:NIvaJDMOsjHA8n1jAhLSgzrAzy1Hgr+hNrb57e+94F0=
github.com/google/uuid v1.6.0/go.mod h1:TIyPZe4MgqvfeYDBFedMoGGpEw/LqOeaOT+nhxU+yHo=
github.com/rah-0/nabu v0.0.4 h1:O5NiE/zp3hn01zcTsFwlDfIxwaEb9Uo6xL0V1LvKeo0=
github.com/rah-0/nabu v0.0.4/go.mod h1:MCTYZOSPbh+wkJHyqqE699jD0ap3keq9rBuX9kq6FzQ=
github.com/rah-0/parsort v1.3.1 h1:hzXjVonj3oVYho4cvX3DnqrYTEvn2UdBZ6sDyb7i9FY=
github.com/rah-0/parsort v1.3.1/go.mod h1:f8jVY6fzCFWtQe2uum+4GydgzA/MTgjPATvYqR78ir4=
github.com/rah-0/testmark v1.0.3 h1:atEz+nVvicl2H6yG8uswLVzOxlBI83cdB79dDDcGGjI=
github.com/rah-0/testmark v1.0.3/go.mod h1:Pq7ko2/Ige3A7KDOlk7PDvAEdlXNAa15HVh9U/Hxy+E=
golang.org/x/mod v0.24.0 h1:ZfthKaKaT4NrhGVZHO1/WDTwGES4De8KtWO0SIbNJMU=
golang.org/x/mod v0.24.0/go.mod h1:IXM97Txy2VM4PJ3gI61r1YEk/gAj6zAHN3AdZt6S9Ww=
